// !$*UTF8*$!
{
	archiveVersion = 1;
	classes = {
	};
	objectVersion = 50;
	objects = {

/* Begin PBXBuildFile section */
		D29322FD211C40CE008E4460 /* pic3.jpg in Resources */ = {isa = PBXBuildFile; fileRef = D29322FA211C40CE008E4460 /* pic3.jpg */; };
		D29322FE211C40CE008E4460 /* pic1.jpg in Resources */ = {isa = PBXBuildFile; fileRef = D29322FB211C40CE008E4460 /* pic1.jpg */; };
		D29322FF211C40CE008E4460 /* pic2.jpg in Resources */ = {isa = PBXBuildFile; fileRef = D29322FC211C40CE008E4460 /* pic2.jpg */; };
		D2D21C74211AC9C800A517FB /* AppDelegate.m in Sources */ = {isa = PBXBuildFile; fileRef = D2D21C73211AC9C800A517FB /* AppDelegate.m */; };
		D2D21C77211AC9C800A517FB /* ViewController.m in Sources */ = {isa = PBXBuildFile; fileRef = D2D21C76211AC9C800A517FB /* ViewController.m */; };
		D2D21C7A211AC9C800A517FB /* Main.storyboard in Resources */ = {isa = PBXBuildFile; fileRef = D2D21C78211AC9C800A517FB /* Main.storyboard */; };
		D2D21C7C211AC9CC00A517FB /* Assets.xcassets in Resources */ = {isa = PBXBuildFile; fileRef = D2D21C7B211AC9CC00A517FB /* Assets.xcassets */; };
		D2D21C7F211AC9CC00A517FB /* LaunchScreen.storyboard in Resources */ = {isa = PBXBuildFile; fileRef = D2D21C7D211AC9CC00A517FB /* LaunchScreen.storyboard */; };
		D2D21C82211AC9CC00A517FB /* main.m in Sources */ = {isa = PBXBuildFile; fileRef = D2D21C81211AC9CC00A517FB /* main.m */; };
		D2D21C8C211AC9CC00A517FB /* HJHoverTableTests.m in Sources */ = {isa = PBXBuildFile; fileRef = D2D21C8B211AC9CC00A517FB /* HJHoverTableTests.m */; };
		D2D21C97211AC9CC00A517FB /* HJHoverTableUITests.m in Sources */ = {isa = PBXBuildFile; fileRef = D2D21C96211AC9CC00A517FB /* HJHoverTableUITests.m */; };
		D2D21CA7211ACA8300A517FB /* HJHoverTable.m in Sources */ = {isa = PBXBuildFile; fileRef = D2D21CA6211ACA8300A517FB /* HJHoverTable.m */; };
		D2D21CAA211AE87200A517FB /* HJGestureTable.m in Sources */ = {isa = PBXBuildFile; fileRef = D2D21CA9211AE87200A517FB /* HJGestureTable.m */; };
		E6AB5B56E5405CE0BB2F22BF /* libPods-HJHoverTable.a in Frameworks */ = {isa = PBXBuildFile; fileRef = 8B78138508B172E670E86556 /* libPods-HJHoverTable.a */; };
/* End PBXBuildFile section */

/* Begin PBXContainerItemProxy section */
		D2D21C88211AC9CC00A517FB /* PBXContainerItemProxy */ = {
			isa = PBXContainerItemProxy;
			containerPortal = D2D21C67211AC9C700A517FB /* Project object */;
			proxyType = 1;
			remoteGlobalIDString = D2D21C6E211AC9C800A517FB;
			remoteInfo = HJHoverTable;
		};
		D2D21C93211AC9CC00A517FB /* PBXContainerItemProxy */ = {
			isa = PBXContainerItemProxy;
			containerPortal = D2D21C67211AC9C700A517FB /* Project object */;
			proxyType = 1;
			remoteGlobalIDString = D2D21C6E211AC9C800A517FB;
			remoteInfo = HJHoverTable;
		};
/* End PBXContainerItemProxy section */

/* Begin PBXFileReference section */
		3C41898907389A000A64BA31 /* Pods-HJHoverTable.debug.xcconfig */ = {isa = PBXFileReference; includeInIndex = 1; lastKnownFileType = text.xcconfig; name = "Pods-HJHoverTable.debug.xcconfig"; path = "Pods/Target Support Files/Pods-HJHoverTable/Pods-HJHoverTable.debug.xcconfig"; sourceTree = "<group>"; };
		8B78138508B172E670E86556 /* libPods-HJHoverTable.a */ = {isa = PBXFileReference; explicitFileType = archive.ar; includeInIndex = 0; path = "libPods-HJHoverTable.a"; sourceTree = BUILT_PRODUCTS_DIR; };
		D29322FA211C40CE008E4460 /* pic3.jpg */ = {isa = PBXFileReference; lastKnownFileType = image.jpeg; path = pic3.jpg; sourceTree = "<group>"; };
		D29322FB211C40CE008E4460 /* pic1.jpg */ = {isa = PBXFileReference; lastKnownFileType = image.jpeg; path = pic1.jpg; sourceTree = "<group>"; };
		D29322FC211C40CE008E4460 /* pic2.jpg */ = {isa = PBXFileReference; lastKnownFileType = image.jpeg; path = pic2.jpg; sourceTree = "<group>"; };
		D2D21C6F211AC9C800A517FB /* HJHoverTable.app */ = {isa = PBXFileReference; explicitFileType = wrapper.application; includeInIndex = 0; path = HJHoverTable.app; sourceTree = BUILT_PRODUCTS_DIR; };
		D2D21C72211AC9C800A517FB /* AppDelegate.h */ = {isa = PBXFileReference; lastKnownFileType = sourcecode.c.h; path = AppDelegate.h; sourceTree = "<group>"; };
		D2D21C73211AC9C800A517FB /* AppDelegate.m */ = {isa = PBXFileReference; lastKnownFileType = sourcecode.c.objc; path = AppDelegate.m; sourceTree = "<group>"; };
		D2D21C75211AC9C800A517FB /* ViewController.h */ = {isa = PBXFileReference; lastKnownFileType = sourcecode.c.h; path = ViewController.h; sourceTree = "<group>"; };
		D2D21C76211AC9C800A517FB /* ViewController.m */ = {isa = PBXFileReference; lastKnownFileType = sourcecode.c.objc; path = ViewController.m; sourceTree = "<group>"; };
		D2D21C79211AC9C800A517FB /* Base */ = {isa = PBXFileReference; lastKnownFileType = file.storyboard; name = Base; path = Base.lproj/Main.storyboard; sourceTree = "<group>"; };
		D2D21C7B211AC9CC00A517FB /* Assets.xcassets */ = {isa = PBXFileReference; lastKnownFileType = folder.assetcatalog; path = Assets.xcassets; sourceTree = "<group>"; };
		D2D21C7E211AC9CC00A517FB /* Base */ = {isa = PBXFileReference; lastKnownFileType = file.storyboard; name = Base; path = Base.lproj/LaunchScreen.storyboard; sourceTree = "<group>"; };
		D2D21C80211AC9CC00A517FB /* Info.plist */ = {isa = PBXFileReference; lastKnownFileType = text.plist.xml; path = Info.plist; sourceTree = "<group>"; };
		D2D21C81211AC9CC00A517FB /* main.m */ = {isa = PBXFileReference; lastKnownFileType = sourcecode.c.objc; path = main.m; sourceTree = "<group>"; };
		D2D21C87211AC9CC00A517FB /* HJHoverTableTests.xctest */ = {isa = PBXFileReference; explicitFileType = wrapper.cfbundle; includeInIndex = 0; path = HJHoverTableTests.xctest; sourceTree = BUILT_PRODUCTS_DIR; };
		D2D21C8B211AC9CC00A517FB /* HJHoverTableTests.m */ = {isa = PBXFileReference; lastKnownFileType = sourcecode.c.objc; path = HJHoverTableTests.m; sourceTree = "<group>"; };
		D2D21C8D211AC9CC00A517FB /* Info.plist */ = {isa = PBXFileReference; lastKnownFileType = text.plist.xml; path = Info.plist; sourceTree = "<group>"; };
		D2D21C92211AC9CC00A517FB /* HJHoverTableUITests.xctest */ = {isa = PBXFileReference; explicitFileType = wrapper.cfbundle; includeInIndex = 0; path = HJHoverTableUITests.xctest; sourceTree = BUILT_PRODUCTS_DIR; };
		D2D21C96211AC9CC00A517FB /* HJHoverTableUITests.m */ = {isa = PBXFileReference; lastKnownFileType = sourcecode.c.objc; path = HJHoverTableUITests.m; sourceTree = "<group>"; };
		D2D21C98211AC9CC00A517FB /* Info.plist */ = {isa = PBXFileReference; lastKnownFileType = text.plist.xml; path = Info.plist; sourceTree = "<group>"; };
		D2D21CA5211ACA8300A517FB /* HJHoverTable.h */ = {isa = PBXFileReference; lastKnownFileType = sourcecode.c.h; path = HJHoverTable.h; sourceTree = "<group>"; };
		D2D21CA6211ACA8300A517FB /* HJHoverTable.m */ = {isa = PBXFileReference; lastKnownFileType = sourcecode.c.objc; path = HJHoverTable.m; sourceTree = "<group>"; };
		D2D21CA8211AE87200A517FB /* HJGestureTable.h */ = {isa = PBXFileReference; lastKnownFileType = sourcecode.c.h; path = HJGestureTable.h; sourceTree = "<group>"; };
		D2D21CA9211AE87200A517FB /* HJGestureTable.m */ = {isa = PBXFileReference; lastKnownFileType = sourcecode.c.objc; path = HJGestureTable.m; sourceTree = "<group>"; };
		F96EEFA70DF86EF230323A98 /* Pods-HJHoverTable.release.xcconfig */ = {isa = PBXFileReference; includeInIndex = 1; lastKnownFileType = text.xcconfig; name = "Pods-HJHoverTable.release.xcconfig"; path = "Pods/Target Support Files/Pods-HJHoverTable/Pods-HJHoverTable.release.xcconfig"; sourceTree = "<group>"; };
/* End PBXFileReference section */

/* Begin PBXFrameworksBuildPhase section */
		D2D21C6C211AC9C800A517FB /* Frameworks */ = {
			isa = PBXFrameworksBuildPhase;
			buildActionMask = 2147483647;
			files = (
				E6AB5B56E5405CE0BB2F22BF /* libPods-HJHoverTable.a in Frameworks */,
			);
			runOnlyForDeploymentPostprocessing = 0;
		};
		D2D21C84211AC9CC00A517FB /* Frameworks */ = {
			isa = PBXFrameworksBuildPhase;
			buildActionMask = 2147483647;
			files = (
			);
			runOnlyForDeploymentPostprocessing = 0;
		};
		D2D21C8F211AC9CC00A517FB /* Frameworks */ = {
			isa = PBXFrameworksBuildPhase;
			buildActionMask = 2147483647;
			files = (
			);
			runOnlyForDeploymentPostprocessing = 0;
		};
/* End PBXFrameworksBuildPhase section */

/* Begin PBXGroup section */
		68EB5178724D4C8D007B1A73 /* Pods */ = {
			isa = PBXGroup;
			children = (
				3C41898907389A000A64BA31 /* Pods-HJHoverTable.debug.xcconfig */,
				F96EEFA70DF86EF230323A98 /* Pods-HJHoverTable.release.xcconfig */,
			);
			name = Pods;
			sourceTree = "<group>";
		};
		79744888829D5C83FACABC98 /* Frameworks */ = {
			isa = PBXGroup;
			children = (
				8B78138508B172E670E86556 /* libPods-HJHoverTable.a */,
			);
			name = Frameworks;
			sourceTree = "<group>";
		};
		D29322F8211C3CB8008E4460 /* HoverDemo */ = {
			isa = PBXGroup;
			children = (
				D2D21C75211AC9C800A517FB /* ViewController.h */,
				D2D21C76211AC9C800A517FB /* ViewController.m */,
			);
			path = HoverDemo;
			sourceTree = "<group>";
		};
		D29322F9211C4005008E4460 /* Resources */ = {
			isa = PBXGroup;
			children = (
				D29322FB211C40CE008E4460 /* pic1.jpg */,
				D29322FC211C40CE008E4460 /* pic2.jpg */,
				D29322FA211C40CE008E4460 /* pic3.jpg */,
			);
			path = Resources;
			sourceTree = "<group>";
		};
		D2D21C66211AC9C700A517FB = {
			isa = PBXGroup;
			children = (
				D2D21C71211AC9C800A517FB /* HJHoverTable */,
				D2D21C8A211AC9CC00A517FB /* HJHoverTableTests */,
				D2D21C95211AC9CC00A517FB /* HJHoverTableUITests */,
				D2D21C70211AC9C800A517FB /* Products */,
				68EB5178724D4C8D007B1A73 /* Pods */,
				79744888829D5C83FACABC98 /* Frameworks */,
			);
			sourceTree = "<group>";
		};
		D2D21C70211AC9C800A517FB /* Products */ = {
			isa = PBXGroup;
			children = (
				D2D21C6F211AC9C800A517FB /* HJHoverTable.app */,
				D2D21C87211AC9CC00A517FB /* HJHoverTableTests.xctest */,
				D2D21C92211AC9CC00A517FB /* HJHoverTableUITests.xctest */,
			);
			name = Products;
			sourceTree = "<group>";
		};
		D2D21C71211AC9C800A517FB /* HJHoverTable */ = {
			isa = PBXGroup;
			children = (
				D2D21CA4211ACA0D00A517FB /* HoverTable */,
				D29322F8211C3CB8008E4460 /* HoverDemo */,
				D29322F9211C4005008E4460 /* Resources */,
				D2D21C72211AC9C800A517FB /* AppDelegate.h */,
				D2D21C73211AC9C800A517FB /* AppDelegate.m */,
				D2D21C78211AC9C800A517FB /* Main.storyboard */,
				D2D21C7B211AC9CC00A517FB /* Assets.xcassets */,
				D2D21C7D211AC9CC00A517FB /* LaunchScreen.storyboard */,
				D2D21C80211AC9CC00A517FB /* Info.plist */,
				D2D21C81211AC9CC00A517FB /* main.m */,
			);
			path = HJHoverTable;
			sourceTree = "<group>";
		};
		D2D21C8A211AC9CC00A517FB /* HJHoverTableTests */ = {
			isa = PBXGroup;
			children = (
				D2D21C8B211AC9CC00A517FB /* HJHoverTableTests.m */,
				D2D21C8D211AC9CC00A517FB /* Info.plist */,
			);
			path = HJHoverTableTests;
			sourceTree = "<group>";
		};
		D2D21C95211AC9CC00A517FB /* HJHoverTableUITests */ = {
			isa = PBXGroup;
			children = (
				D2D21C96211AC9CC00A517FB /* HJHoverTableUITests.m */,
				D2D21C98211AC9CC00A517FB /* Info.plist */,
			);
			path = HJHoverTableUITests;
			sourceTree = "<group>";
		};
		D2D21CA4211ACA0D00A517FB /* HoverTable */ = {
			isa = PBXGroup;
			children = (
				D2D21CA5211ACA8300A517FB /* HJHoverTable.h */,
				D2D21CA6211ACA8300A517FB /* HJHoverTable.m */,
				D2D21CA8211AE87200A517FB /* HJGestureTable.h */,
				D2D21CA9211AE87200A517FB /* HJGestureTable.m */,
			);
			path = HoverTable;
			sourceTree = "<group>";
		};
/* End PBXGroup section */

/* Begin PBXNativeTarget section */
		D2D21C6E211AC9C800A517FB /* HJHoverTable */ = {
			isa = PBXNativeTarget;
			buildConfigurationList = D2D21C9B211AC9CC00A517FB /* Build configuration list for PBXNativeTarget "HJHoverTable" */;
			buildPhases = (
				9C32765719EE44CDBD365021 /* [CP] Check Pods Manifest.lock */,
				D2D21C6B211AC9C800A517FB /* Sources */,
				D2D21C6C211AC9C800A517FB /* Frameworks */,
				D2D21C6D211AC9C800A517FB /* Resources */,
			);
			buildRules = (
			);
			dependencies = (
			);
			name = HJHoverTable;
			productName = HJHoverTable;
			productReference = D2D21C6F211AC9C800A517FB /* HJHoverTable.app */;
			productType = "com.apple.product-type.application";
		};
		D2D21C86211AC9CC00A517FB /* HJHoverTableTests */ = {
			isa = PBXNativeTarget;
			buildConfigurationList = D2D21C9E211AC9CC00A517FB /* Build configuration list for PBXNativeTarget "HJHoverTableTests" */;
			buildPhases = (
				D2D21C83211AC9CC00A517FB /* Sources */,
				D2D21C84211AC9CC00A517FB /* Frameworks */,
				D2D21C85211AC9CC00A517FB /* Resources */,
			);
			buildRules = (
			);
			dependencies = (
				D2D21C89211AC9CC00A517FB /* PBXTargetDependency */,
			);
			name = HJHoverTableTests;
			productName = HJHoverTableTests;
			productReference = D2D21C87211AC9CC00A517FB /* HJHoverTableTests.xctest */;
			productType = "com.apple.product-type.bundle.unit-test";
		};
		D2D21C91211AC9CC00A517FB /* HJHoverTableUITests */ = {
			isa = PBXNativeTarget;
			buildConfigurationList = D2D21CA1211AC9CC00A517FB /* Build configuration list for PBXNativeTarget "HJHoverTableUITests" */;
			buildPhases = (
				D2D21C8E211AC9CC00A517FB /* Sources */,
				D2D21C8F211AC9CC00A517FB /* Frameworks */,
				D2D21C90211AC9CC00A517FB /* Resources */,
			);
			buildRules = (
			);
			dependencies = (
				D2D21C94211AC9CC00A517FB /* PBXTargetDependency */,
			);
			name = HJHoverTableUITests;
			productName = HJHoverTableUITests;
			productReference = D2D21C92211AC9CC00A517FB /* HJHoverTableUITests.xctest */;
			productType = "com.apple.product-type.bundle.ui-testing";
		};
/* End PBXNativeTarget section */

/* Begin PBXProject section */
		D2D21C67211AC9C700A517FB /* Project object */ = {
			isa = PBXProject;
			attributes = {
				LastUpgradeCheck = 0940;
				ORGANIZATIONNAME = WHJ;
				TargetAttributes = {
					D2D21C6E211AC9C800A517FB = {
						CreatedOnToolsVersion = 9.4.1;
					};
					D2D21C86211AC9CC00A517FB = {
						CreatedOnToolsVersion = 9.4.1;
						TestTargetID = D2D21C6E211AC9C800A517FB;
					};
					D2D21C91211AC9CC00A517FB = {
						CreatedOnToolsVersion = 9.4.1;
						TestTargetID = D2D21C6E211AC9C800A517FB;
					};
				};
			};
			buildConfigurationList = D2D21C6A211AC9C700A517FB /* Build configuration list for PBXProject "HJHoverTable" */;
			compatibilityVersion = "Xcode 9.3";
			developmentRegion = en;
			hasScannedForEncodings = 0;
			knownRegions = (
				en,
				Base,
			);
			mainGroup = D2D21C66211AC9C700A517FB;
			productRefGroup = D2D21C70211AC9C800A517FB /* Products */;
			projectDirPath = "";
			projectRoot = "";
			targets = (
				D2D21C6E211AC9C800A517FB /* HJHoverTable */,
				D2D21C86211AC9CC00A517FB /* HJHoverTableTests */,
				D2D21C91211AC9CC00A517FB /* HJHoverTableUITests */,
			);
		};
/* End PBXProject section */

/* Begin PBXResourcesBuildPhase section */
		D2D21C6D211AC9C800A517FB /* Resources */ = {
			isa = PBXResourcesBuildPhase;
			buildActionMask = 2147483647;
			files = (
				D2D21C7F211AC9CC00A517FB /* LaunchScreen.storyboard in Resources */,
				D2D21C7C211AC9CC00A517FB /* Assets.xcassets in Resources */,
				D29322FF211C40CE008E4460 /* pic2.jpg in Resources */,
				D29322FD211C40CE008E4460 /* pic3.jpg in Resources */,
				D29322FE211C40CE008E4460 /* pic1.jpg in Resources */,
				D2D21C7A211AC9C800A517FB /* Main.storyboard in Resources */,
			);
			runOnlyForDeploymentPostprocessing = 0;
		};
		D2D21C85211AC9CC00A517FB /* Resources */ = {
			isa = PBXResourcesBuildPhase;
			buildActionMask = 2147483647;
			files = (
			);
			runOnlyForDeploymentPostprocessing = 0;
		};
		D2D21C90211AC9CC00A517FB /* Resources */ = {
			isa = PBXResourcesBuildPhase;
			buildActionMask = 2147483647;
			files = (
			);
			runOnlyForDeploymentPostprocessing = 0;
		};
/* End PBXResourcesBuildPhase section */

/* Begin PBXShellScriptBuildPhase section */
		9C32765719EE44CDBD365021 /* [CP] Check Pods Manifest.lock */ = {
			isa = PBXShellScriptBuildPhase;
			buildActionMask = 2147483647;
			files = (
			);
			inputPaths = (
				"${PODS_PODFILE_DIR_PATH}/Podfile.lock",
				"${PODS_ROOT}/Manifest.lock",
			);
			name = "[CP] Check Pods Manifest.lock";
			outputPaths = (
				"$(DERIVED_FILE_DIR)/Pods-HJHoverTable-checkManifestLockResult.txt",
			);
			runOnlyForDeploymentPostprocessing = 0;
			shellPath = /bin/sh;
			shellScript = "diff \"${PODS_PODFILE_DIR_PATH}/Podfile.lock\" \"${PODS_ROOT}/Manifest.lock\" > /dev/null\nif [ $? != 0 ] ; then\n    # print error to STDERR\n    echo \"error: The sandbox is not in sync with the Podfile.lock. Run 'pod install' or update your CocoaPods installation.\" >&2\n    exit 1\nfi\n# This output is used by Xcode 'outputs' to avoid re-running this script phase.\necho \"SUCCESS\" > \"${SCRIPT_OUTPUT_FILE_0}\"\n";
			showEnvVarsInLog = 0;
		};
/* End PBXShellScriptBuildPhase section */

/* Begin PBXSourcesBuildPhase section */
		D2D21C6B211AC9C800A517FB /* Sources */ = {
			isa = PBXSourcesBuildPhase;
			buildActionMask = 2147483647;
			files = (
				D2D21C77211AC9C800A517FB /* ViewController.m in Sources */,
				D2D21C82211AC9CC00A517FB /* main.m in Sources */,
				D2D21CAA211AE87200A517FB /* HJGestureTable.m in Sources */,
				D2D21C74211AC9C800A517FB /* AppDelegate.m in Sources */,
				D2D21CA7211ACA8300A517FB /* HJHoverTable.m in Sources */,
			);
			runOnlyForDeploymentPostprocessing = 0;
		};
		D2D21C83211AC9CC00A517FB /* Sources */ = {
			isa = PBXSourcesBuildPhase;
			buildActionMask = 2147483647;
			files = (
				D2D21C8C211AC9CC00A517FB /* HJHoverTableTests.m in Sources */,
			);
			runOnlyForDeploymentPostprocessing = 0;
		};
		D2D21C8E211AC9CC00A517FB /* Sources */ = {
			isa = PBXSourcesBuildPhase;
			buildActionMask = 2147483647;
			files = (
				D2D21C97211AC9CC00A517FB /* HJHoverTableUITests.m in Sources */,
			);
			runOnlyForDeploymentPostprocessing = 0;
		};
/* End PBXSourcesBuildPhase section */

/* Begin PBXTargetDependency section */
		D2D21C89211AC9CC00A517FB /* PBXTargetDependency */ = {
			isa = PBXTargetDependency;
			target = D2D21C6E211AC9C800A517FB /* HJHoverTable */;
			targetProxy = D2D21C88211AC9CC00A517FB /* PBXContainerItemProxy */;
		};
		D2D21C94211AC9CC00A517FB /* PBXTargetDependency */ = {
			isa = PBXTargetDependency;
			target = D2D21C6E211AC9C800A517FB /* HJHoverTable */;
			targetProxy = D2D21C93211AC9CC00A517FB /* PBXContainerItemProxy */;
		};
/* End PBXTargetDependency section */

/* Begin PBXVariantGroup section */
		D2D21C78211AC9C800A517FB /* Main.storyboard */ = {
			isa = PBXVariantGroup;
			children = (
				D2D21C79211AC9C800A517FB /* Base */,
			);
			name = Main.storyboard;
			sourceTree = "<group>";
		};
		D2D21C7D211AC9CC00A517FB /* LaunchScreen.storyboard */ = {
			isa = PBXVariantGroup;
			children = (
				D2D21C7E211AC9CC00A517FB /* Base */,
			);
			name = LaunchScreen.storyboard;
			sourceTree = "<group>";
		};
/* End PBXVariantGroup section */

/* Begin XCBuildConfiguration section */
		D2D21C99211AC9CC00A517FB /* Debug */ = {
			isa = XCBuildConfiguration;
			buildSettings = {
				ALWAYS_SEARCH_USER_PATHS = NO;
				CLANG_ANALYZER_NONNULL = YES;
				CLANG_ANALYZER_NUMBER_OBJECT_CONVERSION = YES_AGGRESSIVE;
				CLANG_CXX_LANGUAGE_STANDARD = "gnu++14";
				CLANG_CXX_LIBRARY = "libc++";
				CLANG_ENABLE_MODULES = YES;
				CLANG_ENABLE_OBJC_ARC = YES;
				CLANG_ENABLE_OBJC_WEAK = YES;
				CLANG_WARN_BLOCK_CAPTURE_AUTORELEASING = YES;
				CLANG_WARN_BOOL_CONVERSION = YES;
				CLANG_WARN_COMMA = YES;
				CLANG_WARN_CONSTANT_CONVERSION = YES;
				CLANG_WARN_DEPRECATED_OBJC_IMPLEMENTATIONS = YES;
				CLANG_WARN_DIRECT_OBJC_ISA_USAGE = YES_ERROR;
				CLANG_WARN_DOCUMENTATION_COMMENTS = YES;
				CLANG_WARN_EMPTY_BODY = YES;
				CLANG_WARN_ENUM_CONVERSION = YES;
				CLANG_WARN_INFINITE_RECURSION = YES;
				CLANG_WARN_INT_CONVERSION = YES;
				CLANG_WARN_NON_LITERAL_NULL_CONVERSION = YES;
				CLANG_WARN_OBJC_IMPLICIT_RETAIN_SELF = YES;
				CLANG_WARN_OBJC_LITERAL_CONVERSION = YES;
				CLANG_WARN_OBJC_ROOT_CLASS = YES_ERROR;
				CLANG_WARN_RANGE_LOOP_ANALYSIS = YES;
				CLANG_WARN_STRICT_PROTOTYPES = YES;
				CLANG_WARN_SUSPICIOUS_MOVE = YES;
				CLANG_WARN_UNGUARDED_AVAILABILITY = YES_AGGRESSIVE;
				CLANG_WARN_UNREACHABLE_CODE = YES;
				CLANG_WARN__DUPLICATE_METHOD_MATCH = YES;
				CODE_SIGN_IDENTITY = "iPhone Developer";
				COPY_PHASE_STRIP = NO;
				DEBUG_INFORMATION_FORMAT = dwarf;
				ENABLE_STRICT_OBJC_MSGSEND = YES;
				ENABLE_TESTABILITY = YES;
				GCC_C_LANGUAGE_STANDARD = gnu11;
				GCC_DYNAMIC_NO_PIC = NO;
				GCC_NO_COMMON_BLOCKS = YES;
				GCC_OPTIMIZATION_LEVEL = 0;
				GCC_PREPROCESSOR_DEFINITIONS = (
					"DEBUG=1",
					"$(inherited)",
				);
				GCC_WARN_64_TO_32_BIT_CONVERSION = YES;
				GCC_WARN_ABOUT_RETURN_TYPE = YES_ERROR;
				GCC_WARN_UNDECLARED_SELECTOR = YES;
				GCC_WARN_UNINITIALIZED_AUTOS = YES_AGGRESSIVE;
				GCC_WARN_UNUSED_FUNCTION = YES;
				GCC_WARN_UNUSED_VARIABLE = YES;
				IPHONEOS_DEPLOYMENT_TARGET = 11.4;
				MTL_ENABLE_DEBUG_INFO = YES;
				ONLY_ACTIVE_ARCH = YES;
				SDKROOT = iphoneos;
			};
			name = Debug;
		};
		D2D21C9A211AC9CC00A517FB /* Release */ = {
			isa = XCBuildConfiguration;
			buildSettings = {
				ALWAYS_SEARCH_USER_PATHS = NO;
				CLANG_ANALYZER_NONNULL = YES;
				CLANG_ANALYZER_NUMBER_OBJECT_CONVERSION = YES_AGGRESSIVE;
				CLANG_CXX_LANGUAGE_STANDARD = "gnu++14";
				CLANG_CXX_LIBRARY = "libc++";
				CLANG_ENABLE_MODULES = YES;
				CLANG_ENABLE_OBJC_ARC = YES;
				CLANG_ENABLE_OBJC_WEAK = YES;
				CLANG_WARN_BLOCK_CAPTURE_AUTORELEASING = YES;
				CLANG_WARN_BOOL_CONVERSION = YES;
				CLANG_WARN_COMMA = YES;
				CLANG_WARN_CONSTANT_CONVERSION = YES;
				CLANG_WARN_DEPRECATED_OBJC_IMPLEMENTATIONS = YES;
				CLANG_WARN_DIRECT_OBJC_ISA_USAGE = YES_ERROR;
				CLANG_WARN_DOCUMENTATION_COMMENTS = YES;
				CLANG_WARN_EMPTY_BODY = YES;
				CLANG_WARN_ENUM_CONVERSION = YES;
				CLANG_WARN_INFINITE_RECURSION = YES;
				CLANG_WARN_INT_CONVERSION = YES;
				CLANG_WARN_NON_LITERAL_NULL_CONVERSION = YES;
				CLANG_WARN_OBJC_IMPLICIT_RETAIN_SELF = YES;
				CLANG_WARN_OBJC_LITERAL_CONVERSION = YES;
				CLANG_WARN_OBJC_ROOT_CLASS = YES_ERROR;
				CLANG_WARN_RANGE_LOOP_ANALYSIS = YES;
				CLANG_WARN_STRICT_PROTOTYPES = YES;
				CLANG_WARN_SUSPICIOUS_MOVE = YES;
				CLANG_WARN_UNGUARDED_AVAILABILITY = YES_AGGRESSIVE;
				CLANG_WARN_UNREACHABLE_CODE = YES;
				CLANG_WARN__DUPLICATE_METHOD_MATCH = YES;
				CODE_SIGN_IDENTITY = "iPhone Developer";
				COPY_PHASE_STRIP = NO;
				DEBUG_INFORMATION_FORMAT = "dwarf-with-dsym";
				ENABLE_NS_ASSERTIONS = NO;
				ENABLE_STRICT_OBJC_MSGSEND = YES;
				GCC_C_LANGUAGE_STANDARD = gnu11;
				GCC_NO_COMMON_BLOCKS = YES;
				GCC_WARN_64_TO_32_BIT_CONVERSION = YES;
				GCC_WARN_ABOUT_RETURN_TYPE = YES_ERROR;
				GCC_WARN_UNDECLARED_SELECTOR = YES;
				GCC_WARN_UNINITIALIZED_AUTOS = YES_AGGRESSIVE;
				GCC_WARN_UNUSED_FUNCTION = YES;
				GCC_WARN_UNUSED_VARIABLE = YES;
				IPHONEOS_DEPLOYMENT_TARGET = 11.4;
				MTL_ENABLE_DEBUG_INFO = NO;
				SDKROOT = iphoneos;
				VALIDATE_PRODUCT = YES;
			};
			name = Release;
		};
		D2D21C9C211AC9CC00A517FB /* Debug */ = {
			isa = XCBuildConfiguration;
			baseConfigurationReference = 3C41898907389A000A64BA31 /* Pods-HJHoverTable.debug.xcconfig */;
			buildSettings = {
				ASSETCATALOG_COMPILER_APPICON_NAME = AppIcon;
				CODE_SIGN_STYLE = Automatic;
				DEVELOPMENT_TEAM = TWSN29Y9H7;
				INFOPLIST_FILE = HJHoverTable/Info.plist;
				LD_RUNPATH_SEARCH_PATHS = (
					"$(inherited)",
					"@executable_path/Frameworks",
				);
				PRODUCT_BUNDLE_IDENTIFIER = com.psl.whj.HJHoverTable;
				PRODUCT_NAME = "$(TARGET_NAME)";
				TARGETED_DEVICE_FAMILY = "1,2";
			};
			name = Debug;
		};
		D2D21C9D211AC9CC00A517FB /* Release */ = {
			isa = XCBuildConfiguration;
			baseConfigurationReference = F96EEFA70DF86EF230323A98 /* Pods-HJHoverTable.release.xcconfig */;
			buildSettings = {
				ASSETCATALOG_COMPILER_APPICON_NAME = AppIcon;
				CODE_SIGN_STYLE = Automatic;
				DEVELOPMENT_TEAM = TWSN29Y9H7;
				INFOPLIST_FILE = HJHoverTable/Info.plist;
				LD_RUNPATH_SEARCH_PATHS = (
					"$(inherited)",
					"@executable_path/Frameworks",
				);
				PRODUCT_BUNDLE_IDENTIFIER = com.psl.whj.HJHoverTable;
				PRODUCT_NAME = "$(TARGET_NAME)";
				TARGETED_DEVICE_FAMILY = "1,2";
			};
			name = Release;
		};
		D2D21C9F211AC9CC00A517FB /* Debug */ = {
			isa = XCBuildConfiguration;
			buildSettings = {
				BUNDLE_LOADER = "$(TEST_HOST)";
				CODE_SIGN_STYLE = Automatic;
				INFOPLIST_FILE = HJHoverTableTests/Info.plist;
				LD_RUNPATH_SEARCH_PATHS = (
					"$(inherited)",
					"@executable_path/Frameworks",
					"@loader_path/Frameworks",
				);
				PRODUCT_BUNDLE_IDENTIFIER = com.psl.whj.HJHoverTableTests;
				PRODUCT_NAME = "$(TARGET_NAME)";
				TARGETED_DEVICE_FAMILY = "1,2";
				TEST_HOST = "$(BUILT_PRODUCTS_DIR)/HJHoverTable.app/HJHoverTable";
			};
			name = Debug;
		};
		D2D21CA0211AC9CC00A517FB /* Release */ = {
			isa = XCBuildConfiguration;
			buildSettings = {
				BUNDLE_LOADER = "$(TEST_HOST)";
				CODE_SIGN_STYLE = Automatic;
				INFOPLIST_FILE = HJHoverTableTests/Info.plist;
				LD_RUNPATH_SEARCH_PATHS = (
					"$(inherited)",
					"@executable_path/Frameworks",
					"@loader_path/Frameworks",
				);
				PRODUCT_BUNDLE_IDENTIFIER = com.psl.whj.HJHoverTableTests;
				PRODUCT_NAME = "$(TARGET_NAME)";
				TARGETED_DEVICE_FAMILY = "1,2";
				TEST_HOST = "$(BUILT_PRODUCTS_DIR)/HJHoverTable.app/HJHoverTable";
			};
			name = Release;
		};
		D2D21CA2211AC9CC00A517FB /* Debug */ = {
			isa = XCBuildConfiguration;
			buildSettings = {
				CODE_SIGN_STYLE = Automatic;
				INFOPLIST_FILE = HJHoverTableUITests/Info.plist;
				LD_RUNPATH_SEARCH_PATHS = (
					"$(inherited)",
					"@executable_path/Frameworks",
					"@loader_path/Frameworks",
				);
				PRODUCT_BUNDLE_IDENTIFIER = com.psl.whj.HJHoverTableUITests;
				PRODUCT_NAME = "$(TARGET_NAME)";
				TARGETED_DEVICE_FAMILY = "1,2";
				TEST_TARGET_NAME = HJHoverTable;
			};
			name = Debug;
		};
		D2D21CA3211AC9CC00A517FB /* Release */ = {
			isa = XCBuildConfiguration;
			buildSettings = {
				CODE_SIGN_STYLE = Automatic;
				INFOPLIST_FILE = HJHoverTableUITests/Info.plist;
				LD_RUNPATH_SEARCH_PATHS = (
					"$(inherited)",
					"@executable_path/Frameworks",
					"@loader_path/Frameworks",
				);
				PRODUCT_BUNDLE_IDENTIFIER = com.psl.whj.HJHoverTableUITests;
				PRODUCT_NAME = "$(TARGET_NAME)";
				TARGETED_DEVICE_FAMILY = "1,2";
				TEST_TARGET_NAME = HJHoverTable;
			};
			name = Release;
		};
/* End XCBuildConfiguration section */

/* Begin XCConfigurationList section */
		D2D21C6A211AC9C700A517FB /* Build configuration list for PBXProject "HJHoverTable" */ = {
			isa = XCConfigurationList;
			buildConfigurations = (
				D2D21C99211AC9CC00A517FB /* Debug */,
				D2D21C9A211AC9CC00A517FB /* Release */,
			);
			defaultConfigurationIsVisible = 0;
			defaultConfigurationName = Release;
		};
		D2D21C9B211AC9CC00A517FB /* Build configuration list for PBXNativeTarget "HJHoverTable" */ = {
			isa = XCConfigurationList;
			buildConfigurations = (
				D2D21C9C211AC9CC00A517FB /* Debug */,
				D2D21C9D211AC9CC00A517FB /* Release */,
			);
			defaultConfigurationIsVisible = 0;
			defaultConfigurationName = Release;
		};
		D2D21C9E211AC9CC00A517FB /* Build configuration list for PBXNativeTarget "HJHoverTableTests" */ = {
			isa = XCConfigurationList;
			buildConfigurations = (
				D2D21C9F211AC9CC00A517FB /* Debug */,
				D2D21CA0211AC9CC00A517FB /* Release */,
			);
			defaultConfigurationIsVisible = 0;
			defaultConfigurationName = Release;
		};
		D2D21CA1211AC9CC00A517FB /* Build configuration list for PBXNativeTarget "HJHoverTableUITests" */ = {
			isa = XCConfigurationList;
			buildConfigurations = (
				D2D21CA2211AC9CC00A517FB /* Debug */,
				D2D21CA3211AC9CC00A517FB /* Release */,
			);
			defaultConfigurationIsVisible = 0;
			defaultConfigurationName = Release;
		};
/* End XCConfigurationList section */
	};
	rootObject = D2D21C67211AC9C700A517FB /* Project object */;
}
